
Microsoft Visual Studio Solution File, Format Version 12.00
# Visual Studio 2012
Project("{2150E333-8FDC-42A3-9474-1A3956D46DE8}") = "Libraries", "Libraries", "{E63C12FA-5C0F-4DAB-A3D1-C8FC1B622BA0}"
EndProject
Project("{2150E333-8FDC-42A3-9474-1A3956D46DE8}") = "Server", "Server", "{2A20278D-9C62-48B9-A86E-C8858443304E}"
EndProject
Project("{2150E333-8FDC-42A3-9474-1A3956D46DE8}") = "Agent", "Agent", "{8A699173-1AC5-48C5-B23C-3589C1C3976F}"
EndProject
Project("{FAE04EC0-301F-11D3-BF4B-00C04F79EFBC}") = "LeakBlocker.Libraries.Common", "LeakBlocker.Libraries.Common\LeakBlocker.Libraries.Common.csproj", "{F3AD6E13-2706-46C5-9109-BF94C77B47D6}"
EndProject
Project("{FAE04EC0-301F-11D3-BF4B-00C04F79EFBC}") = "LeakBlocker.Server.Service", "LeakBlocker.Server.Service\LeakBlocker.Server.Service.csproj", "{42AF0E4E-BE03-43EB-8C5B-09C73EDFCEE9}"
EndProject
Project("{FAE04EC0-301F-11D3-BF4B-00C04F79EFBC}") = "LeakBlocker.Server.Service.Tests", "LeakBlocker.Server.Service.Tests\LeakBlocker.Server.Service.Tests.csproj", "{B07BF191-C85C-4D4D-8F29-98B77286924F}"
EndProject
Project("{2150E333-8FDC-42A3-9474-1A3956D46DE8}") = "AdminView", "AdminView", "{85CD0D62-9A9E-462F-BF84-B053D9FEA202}"
EndProject
Project("{2150E333-8FDC-42A3-9474-1A3956D46DE8}") = "Miscellaneous", "Miscellaneous", "{81E7F94E-018D-4577-890E-059AA639B292}"
EndProject
Project("{2150E333-8FDC-42A3-9474-1A3956D46DE8}") = "CommonProperties", "CommonProperties", "{F63D58FF-2E7D-4F39-B948-DA22F9B1F83A}"
	ProjectSection(SolutionItems) = preProject
		CommonProperties\AdministratorPrivileges.manifest = CommonProperties\AdministratorPrivileges.manifest
		CommonProperties\ApplicationIcon.ico = CommonProperties\ApplicationIcon.ico
		CommonProperties\ApplicationIconWeb.ico = CommonProperties\ApplicationIconWeb.ico
		before.LeakBlocker.sln.targets = before.LeakBlocker.sln.targets
		CommonProperties\CodeAnalysisDictionary.xml = CommonProperties\CodeAnalysisDictionary.xml
		CommonProperties\CodeAnalysisRules.ruleset = CommonProperties\CodeAnalysisRules.ruleset
		CommonProperties\DefaultPrivileges.manifest = CommonProperties\DefaultPrivileges.manifest
		CommonProperties\DigiCert High Assurance EV Root CA.crt = CommonProperties\DigiCert High Assurance EV Root CA.crt
		CommonProperties\LeakBlocker.snk = CommonProperties\LeakBlocker.snk
		CommonProperties\StaticObjects.cs = CommonProperties\StaticObjects.cs
		CommonProperties\test.pfx = CommonProperties\test.pfx
		CommonProperties\Version.cs = CommonProperties\Version.cs
		CommonProperties\version.h = CommonProperties\version.h
	EndProjectSection
EndProject
Project("{FAE04EC0-301F-11D3-BF4B-00C04F79EFBC}") = "LeakBlocker.Libraries.Common.Tests", "LeakBlocker.Libraries.Common.Tests\LeakBlocker.Libraries.Common.Tests.csproj", "{594980EA-78D2-42C8-B785-5EAE311D4377}"
EndProject
Project("{2150E333-8FDC-42A3-9474-1A3956D46DE8}") = "Solution Items", "Solution Items", "{E4D937DD-3182-4D8F-8C8A-05ED90D05D99}"
	ProjectSection(SolutionItems) = preProject
		Local.testsettings = Local.testsettings
	EndProjectSection
EndProject
Project("{2150E333-8FDC-42A3-9474-1A3956D46DE8}") = "ServerShared", "ServerShared", "{AB39306D-A418-4BBF-9707-ED4249946576}"
EndProject
Project("{FAE04EC0-301F-11D3-BF4B-00C04F79EFBC}") = "LeakBlocker.ServerShared.AdminViewCommunication", "LeakBlocker.ServerShared.AdminViewCommunication\LeakBlocker.ServerShared.AdminViewCommunication.csproj", "{4CF5C1BE-4C03-426A-A574-BEEA60A8B854}"
EndProject
Project("{FAE04EC0-301F-11D3-BF4B-00C04F79EFBC}") = "LeakBlocker.ServerShared.AgentCommunication", "LeakBlocker.ServerShared.AgentCommunication\LeakBlocker.ServerShared.AgentCommunication.csproj", "{19FE106D-3D78-4648-9A08-EA01EBAEC9A4}"
EndProject
Project("{FAE04EC0-301F-11D3-BF4B-00C04F79EFBC}") = "LeakBlocker.Libraries.Storage", "LeakBlocker.Libraries.Storage\LeakBlocker.Libraries.Storage.csproj", "{0074249A-9FB0-4242-A942-9682D7FE8E7F}"
EndProject
Project("{FAE04EC0-301F-11D3-BF4B-00C04F79EFBC}") = "LeakBlocker.Libraries.Storage.Tests", "LeakBlocker.Libraries.Storage.Tests\LeakBlocker.Libraries.Storage.Tests.csproj", "{67CA34BE-2B6E-43B7-9C61-14171C2ED815}"
EndProject
Project("{FAE04EC0-301F-11D3-BF4B-00C04F79EFBC}") = "LeakBlocker.ServerShared.AdminViewCommunication.Tests", "LeakBlocker.ServerShared.AdminViewCommunication.Tests\LeakBlocker.ServerShared.AdminViewCommunication.Tests.csproj", "{A4EAA3ED-24DF-401C-BE12-C2CEA9A9CD86}"
EndProject
Project("{FAE04EC0-301F-11D3-BF4B-00C04F79EFBC}") = "LeakBlocker.AdminView.Desktop", "LeakBlocker.AdminView.Desktop\LeakBlocker.AdminView.Desktop.csproj", "{A3A47AFA-2144-475E-BC79-6FACB3D8F6BD}"
EndProject
Project("{FAE04EC0-301F-11D3-BF4B-00C04F79EFBC}") = "LeakBlocker.AdminView.Desktop.Tests", "LeakBlocker.AdminView.Desktop.Tests\LeakBlocker.AdminView.Desktop.Tests.csproj", "{C8AA28FE-3F7C-4928-9F91-48F82F70A614}"
EndProject
Project("{FAE04EC0-301F-11D3-BF4B-00C04F79EFBC}") = "LeakBlocker.Libraries.SystemTools", "LeakBlocker.Libraries.SystemTools\LeakBlocker.Libraries.SystemTools.csproj", "{B60C50FA-27C2-4396-8863-77D59CA7323C}"
EndProject
Project("{FAE04EC0-301F-11D3-BF4B-00C04F79EFBC}") = "LeakBlocker.Libraries.SystemTools.Tests", "LeakBlocker.Libraries.SystemTools.Tests\LeakBlocker.Libraries.SystemTools.Tests.csproj", "{428C380E-21A0-499B-974F-13E30E8FE4CD}"
EndProject
Project("{FAE04EC0-301F-11D3-BF4B-00C04F79EFBC}") = "LeakBlocker.Agent.Core", "LeakBlocker.Agent.Core\LeakBlocker.Agent.Core.csproj", "{B7DCD030-CA24-4126-B87C-469E4BAD9203}"
EndProject
Project("{FAE04EC0-301F-11D3-BF4B-00C04F79EFBC}") = "LeakBlocker.InternalLicenseManager", "LeakBlocker.InternalLicenseManager\LeakBlocker.InternalLicenseManager.csproj", "{7CC426BC-B35B-4CCB-9994-EF4392D19147}"
EndProject
Project("{FAE04EC0-301F-11D3-BF4B-00C04F79EFBC}") = "LeakBlocker.ServerShared.AgentCommunication.Tests", "LeakBlocker.ServerShared.AgentCommunication.Tests\LeakBlocker.ServerShared.AgentCommunication.Tests.csproj", "{358943BD-4DC2-4D94-AD50-B6E1E740B2A3}"
EndProject
Project("{FAE04EC0-301F-11D3-BF4B-00C04F79EFBC}") = "LeakBlocker.Agent.Core.Tests", "LeakBlocker.Agent.Core.Tests\LeakBlocker.Agent.Core.Tests.csproj", "{EA27685B-AC7E-4981-A64E-55D44E6EADE7}"
EndProject
Project("{FAE04EC0-301F-11D3-BF4B-00C04F79EFBC}") = "LocalConfigurationCreator", "LocalConfigurationCreator\LocalConfigurationCreator.csproj", "{C30B0F09-C1EC-4AD1-B3F9-74D57B95C2A9}"
EndProject
Project("{FAE04EC0-301F-11D3-BF4B-00C04F79EFBC}") = "LeakBlocker.Server.Installer.Tests", "LeakBlocker.Server.Installer.Tests\LeakBlocker.Server.Installer.Tests.csproj", "{8280AE89-F60D-454D-9C72-81CBFE0E8388}"
EndProject
Project("{FAE04EC0-301F-11D3-BF4B-00C04F79EFBC}") = "LeakBlocker.Server.Installer", "LeakBlocker.Server.Installer\LeakBlocker.Server.Installer.csproj", "{15AEAE97-4F46-49F4-9C7C-5984C0E8AA3A}"
EndProject
Project("{FAE04EC0-301F-11D3-BF4B-00C04F79EFBC}") = "LeakBlocker.Libraries.CleanupTool", "LeakBlocker.Libraries.CleanupTool\LeakBlocker.Libraries.CleanupTool.csproj", "{EAD6BFCF-8639-45CA-AEEC-4D4CF490D25A}"
EndProject
Project("{2150E333-8FDC-42A3-9474-1A3956D46DE8}") = "Native", "Native", "{71506A37-B67A-42FF-8760-99E161424BB4}"
EndProject
Project("{8BC9CEB8-8B4A-11D0-8D11-00A0C91BC942}") = "LeakBlocker.Native.FileSystemDriver32", "LeakBlocker.Native.FileSystemDriver\LeakBlocker.Native.FileSystemDriver32.vcxproj", "{981D8526-5515-4EA8-B478-A2389B1896A9}"
EndProject
Project("{8BC9CEB8-8B4A-11D0-8D11-00A0C91BC942}") = "LeakBlocker.Native.FileSystemDriver64", "LeakBlocker.Native.FileSystemDriver\LeakBlocker.Native.FileSystemDriver64.vcxproj", "{7A546956-273E-493D-9F73-99F9C6F01B29}"
EndProject
Project("{8BC9CEB8-8B4A-11D0-8D11-00A0C91BC942}") = "LeakBlocker.Native.Installer.Web", "LeakBlocker.Native.Installer\LeakBlocker.Native.Installer.Web.vcxproj", "{E40B5CBE-8062-42AE-AF77-92CD5DCBAABF}"
EndProject
Project("{8BC9CEB8-8B4A-11D0-8D11-00A0C91BC942}") = "LeakBlocker.Native.Installer.Full", "LeakBlocker.Native.Installer\LeakBlocker.Native.Installer.Full.vcxproj", "{AB45A42D-B0B3-4A44-A34F-FD34D28707EF}"
EndProject
Project("{2150E333-8FDC-42A3-9474-1A3956D46DE8}") = "Packages", "Packages", "{8821BCD2-4C26-4186-8851-100BB2E36250}"
EndProject
Project("{FAE04EC0-301F-11D3-BF4B-00C04F79EFBC}") = "LeakBlocker.Agent", "LeakBlocker.Agent\LeakBlocker.Agent.csproj", "{596196C8-5429-445A-BD08-E79BF4A28AE9}"
EndProject
Project("{FAE04EC0-301F-11D3-BF4B-00C04F79EFBC}") = "LeakBlocker.Installer", "LeakBlocker.Installer\LeakBlocker.Installer.csproj", "{E403E89F-8924-4F06-8A72-53EB5723B506}"
EndProject
Project("{FAE04EC0-301F-11D3-BF4B-00C04F79EFBC}") = "LeakBlocker.Server", "LeakBlocker.Server\LeakBlocker.Server.csproj", "{D069C35E-F867-417A-AAA3-DB2E48B14CE8}"
EndProject
Project("{FAE04EC0-301F-11D3-BF4B-00C04F79EFBC}") = "LeakBlocker.AdminView", "LeakBlocker.AdminView\LeakBlocker.AdminView.csproj", "{3ACC9819-AD7B-4B2E-9FDA-B84E1A381455}"
EndProject
Project("{2150E333-8FDC-42A3-9474-1A3956D46DE8}") = "ExternalTestInvoker", "ExternalTestInvoker", "{959939D2-9633-444B-863D-C973065EC218}"
EndProject
Project("{FAE04EC0-301F-11D3-BF4B-00C04F79EFBC}") = "SharedTestLibrary", "Miscellaneous\ExternalTestInvoker\SharedTestLibrary\SharedTestLibrary.csproj", "{E9B34AB8-B87D-4567-8A62-18CCD3D933C1}"
EndProject
Project("{FAE04EC0-301F-11D3-BF4B-00C04F79EFBC}") = "TestHost", "Miscellaneous\ExternalTestInvoker\TestHost\TestHost.csproj", "{FA317917-52DC-4D2A-97BF-7DF091F90EB1}"
EndProject
Project("{FAE04EC0-301F-11D3-BF4B-00C04F79EFBC}") = "ExternalTests", "Miscellaneous\ExternalTestInvoker\ExternalTests\ExternalTests.csproj", "{652A0851-1546-49CE-8813-D48F2EDD2DD1}"
EndProject
Global
	GlobalSection(TeamFoundationVersionControl) = preSolution
		SccNumberOfProjects = 33
		SccEnterpriseProvider = {4CA58AB2-18FA-4F8D-95D4-32DDF27D184C}
		SccTeamFoundationServer = http://tfs:8080/tfs/code
		SccLocalPath0 = .
		SccProjectUniqueName1 = LeakBlocker.Libraries.Common\\LeakBlocker.Libraries.Common.csproj
		SccProjectTopLevelParentUniqueName1 = LeakBlocker.sln
		SccProjectName1 = LeakBlocker.Libraries.Common
		SccLocalPath1 = LeakBlocker.Libraries.Common
		SccProjectUniqueName2 = LeakBlocker.Server.Service\\LeakBlocker.Server.Service.csproj
		SccProjectTopLevelParentUniqueName2 = LeakBlocker.sln
		SccProjectName2 = LeakBlocker.Server.Service
		SccLocalPath2 = LeakBlocker.Server.Service
		SccProjectUniqueName3 = LeakBlocker.Server.Service.Tests\\LeakBlocker.Server.Service.Tests.csproj
		SccProjectTopLevelParentUniqueName3 = LeakBlocker.sln
		SccProjectName3 = LeakBlocker.Server.Service.Tests
		SccLocalPath3 = LeakBlocker.Server.Service.Tests
		SccProjectUniqueName4 = LeakBlocker.Libraries.Common.Tests\\LeakBlocker.Libraries.Common.Tests.csproj
		SccProjectTopLevelParentUniqueName4 = LeakBlocker.sln
		SccProjectName4 = LeakBlocker.Libraries.Common.Tests
		SccLocalPath4 = LeakBlocker.Libraries.Common.Tests
		SccProjectUniqueName5 = LeakBlocker.ServerShared.AdminViewCommunication\\LeakBlocker.ServerShared.AdminViewCommunication.csproj
		SccProjectTopLevelParentUniqueName5 = LeakBlocker.sln
		SccProjectName5 = LeakBlocker.ServerShared.AdminViewCommunication
		SccLocalPath5 = LeakBlocker.ServerShared.AdminViewCommunication
		SccProjectUniqueName6 = LeakBlocker.ServerShared.AgentCommunication\\LeakBlocker.ServerShared.AgentCommunication.csproj
		SccProjectTopLevelParentUniqueName6 = LeakBlocker.sln
		SccProjectName6 = LeakBlocker.ServerShared.AgentCommunication
		SccLocalPath6 = LeakBlocker.ServerShared.AgentCommunication
		SccProjectUniqueName7 = LeakBlocker.Libraries.Storage\\LeakBlocker.Libraries.Storage.csproj
		SccProjectTopLevelParentUniqueName7 = LeakBlocker.sln
		SccProjectName7 = LeakBlocker.Libraries.Storage
		SccLocalPath7 = LeakBlocker.Libraries.Storage
		SccProjectUniqueName8 = LeakBlocker.Libraries.Storage.Tests\\LeakBlocker.Libraries.Storage.Tests.csproj
		SccProjectTopLevelParentUniqueName8 = LeakBlocker.sln
		SccProjectName8 = LeakBlocker.Libraries.Storage.Tests
		SccLocalPath8 = LeakBlocker.Libraries.Storage.Tests
		SccProjectUniqueName9 = LeakBlocker.ServerShared.AdminViewCommunication.Tests\\LeakBlocker.ServerShared.AdminViewCommunication.Tests.csproj
		SccProjectTopLevelParentUniqueName9 = LeakBlocker.sln
		SccProjectName9 = LeakBlocker.ServerShared.AdminViewCommunication.Tests
		SccLocalPath9 = LeakBlocker.ServerShared.AdminViewCommunication.Tests
		SccProjectUniqueName10 = LeakBlocker.AdminView.Desktop\\LeakBlocker.AdminView.Desktop.csproj
		SccProjectTopLevelParentUniqueName10 = LeakBlocker.sln
		SccProjectName10 = LeakBlocker.AdminView.Desktop
		SccLocalPath10 = LeakBlocker.AdminView.Desktop
		SccProjectUniqueName11 = LeakBlocker.AdminView.Desktop.Tests\\LeakBlocker.AdminView.Desktop.Tests.csproj
		SccProjectTopLevelParentUniqueName11 = LeakBlocker.sln
		SccProjectName11 = LeakBlocker.AdminView.Desktop.Tests
		SccLocalPath11 = LeakBlocker.AdminView.Desktop.Tests
		SccProjectUniqueName12 = LeakBlocker.Libraries.SystemTools\\LeakBlocker.Libraries.SystemTools.csproj
		SccProjectTopLevelParentUniqueName12 = LeakBlocker.sln
		SccProjectName12 = LeakBlocker.Libraries.SystemTools
		SccLocalPath12 = LeakBlocker.Libraries.SystemTools
		SccProjectUniqueName13 = LeakBlocker.Libraries.SystemTools.Tests\\LeakBlocker.Libraries.SystemTools.Tests.csproj
		SccProjectTopLevelParentUniqueName13 = LeakBlocker.sln
		SccProjectName13 = LeakBlocker.Libraries.SystemTools.Tests
		SccLocalPath13 = LeakBlocker.Libraries.SystemTools.Tests
		SccProjectUniqueName14 = LeakBlocker.Agent.Core\\LeakBlocker.Agent.Core.csproj
		SccProjectTopLevelParentUniqueName14 = LeakBlocker.sln
		SccProjectName14 = LeakBlocker.Agent.Core
		SccLocalPath14 = LeakBlocker.Agent.Core
		SccProjectUniqueName15 = LeakBlocker.InternalLicenseManager\\LeakBlocker.InternalLicenseManager.csproj
		SccProjectTopLevelParentUniqueName15 = LeakBlocker.sln
		SccProjectName15 = LeakBlocker.InternalLicenseManager
		SccLocalPath15 = LeakBlocker.InternalLicenseManager
		SccProjectUniqueName16 = LeakBlocker.ServerShared.AgentCommunication.Tests\\LeakBlocker.ServerShared.AgentCommunication.Tests.csproj
		SccProjectTopLevelParentUniqueName16 = LeakBlocker.sln
		SccProjectName16 = LeakBlocker.ServerShared.AgentCommunication.Tests
		SccLocalPath16 = LeakBlocker.ServerShared.AgentCommunication.Tests
		SccProjectUniqueName17 = LeakBlocker.Agent.Core.Tests\\LeakBlocker.Agent.Core.Tests.csproj
		SccProjectTopLevelParentUniqueName17 = LeakBlocker.sln
		SccProjectName17 = LeakBlocker.Agent.Core.Tests
		SccLocalPath17 = LeakBlocker.Agent.Core.Tests
		SccProjectUniqueName18 = LocalConfigurationCreator\\LocalConfigurationCreator.csproj
		SccProjectTopLevelParentUniqueName18 = LeakBlocker.sln
		SccProjectName18 = LocalConfigurationCreator
		SccLocalPath18 = LocalConfigurationCreator
		SccProjectUniqueName19 = LeakBlocker.Server.Installer.Tests\\LeakBlocker.Server.Installer.Tests.csproj
		SccProjectTopLevelParentUniqueName19 = LeakBlocker.sln
		SccProjectName19 = LeakBlocker.Server.Installer.Tests
		SccLocalPath19 = LeakBlocker.Server.Installer.Tests
		SccProjectUniqueName20 = LeakBlocker.Server.Installer\\LeakBlocker.Server.Installer.csproj
		SccProjectTopLevelParentUniqueName20 = LeakBlocker.sln
		SccProjectName20 = LeakBlocker.Server.Installer
		SccLocalPath20 = LeakBlocker.Server.Installer
		SccProjectUniqueName21 = LeakBlocker.Libraries.CleanupTool\\LeakBlocker.Libraries.CleanupTool.csproj
		SccProjectTopLevelParentUniqueName21 = LeakBlocker.sln
		SccProjectName21 = LeakBlocker.Libraries.CleanupTool
		SccLocalPath21 = LeakBlocker.Libraries.CleanupTool
		SccProjectUniqueName22 = LeakBlocker.Native.FileSystemDriver\\LeakBlocker.Native.FileSystemDriver32.vcxproj
		SccProjectTopLevelParentUniqueName22 = LeakBlocker.sln
		SccProjectName22 = LeakBlocker.Native.FileSystemDriver
		SccLocalPath22 = LeakBlocker.Native.FileSystemDriver
		SccProjectUniqueName23 = LeakBlocker.Native.FileSystemDriver\\LeakBlocker.Native.FileSystemDriver64.vcxproj
		SccProjectTopLevelParentUniqueName23 = LeakBlocker.sln
		SccProjectName23 = LeakBlocker.Native.FileSystemDriver
		SccLocalPath23 = LeakBlocker.Native.FileSystemDriver
		SccProjectUniqueName24 = LeakBlocker.Native.Installer\\LeakBlocker.Native.Installer.Web.vcxproj
		SccProjectTopLevelParentUniqueName24 = LeakBlocker.sln
		SccProjectName24 = LeakBlocker.Native.Installer
		SccLocalPath24 = LeakBlocker.Native.Installer
		SccProjectUniqueName25 = LeakBlocker.Native.Installer\\LeakBlocker.Native.Installer.Full.vcxproj
		SccProjectTopLevelParentUniqueName25 = LeakBlocker.sln
		SccProjectName25 = LeakBlocker.Native.Installer
		SccLocalPath25 = LeakBlocker.Native.Installer
		SccProjectUniqueName26 = LeakBlocker.Agent\\LeakBlocker.Agent.csproj
		SccProjectTopLevelParentUniqueName26 = LeakBlocker.sln
		SccProjectName26 = LeakBlocker.Agent
		SccLocalPath26 = LeakBlocker.Agent
		SccProjectUniqueName27 = LeakBlocker.Installer\\LeakBlocker.Installer.csproj
		SccProjectTopLevelParentUniqueName27 = LeakBlocker.sln
		SccProjectName27 = LeakBlocker.Installer
		SccLocalPath27 = LeakBlocker.Installer
		SccProjectUniqueName28 = LeakBlocker.Server\\LeakBlocker.Server.csproj
		SccProjectTopLevelParentUniqueName28 = LeakBlocker.sln
		SccProjectName28 = LeakBlocker.Server
		SccLocalPath28 = LeakBlocker.Server
		SccProjectUniqueName29 = LeakBlocker.AdminView\\LeakBlocker.AdminView.csproj
		SccProjectTopLevelParentUniqueName29 = LeakBlocker.sln
		SccProjectName29 = LeakBlocker.AdminView
		SccLocalPath29 = LeakBlocker.AdminView
		SccProjectUniqueName30 = Miscellaneous\\ExternalTestInvoker\\SharedTestLibrary\\SharedTestLibrary.csproj
		SccProjectTopLevelParentUniqueName30 = LeakBlocker.sln
		SccProjectName30 = Miscellaneous/ExternalTestInvoker/SharedTestLibrary
		SccLocalPath30 = Miscellaneous\\ExternalTestInvoker\\SharedTestLibrary
		SccProjectUniqueName31 = Miscellaneous\\ExternalTestInvoker\\TestHost\\TestHost.csproj
		SccProjectTopLevelParentUniqueName31 = LeakBlocker.sln
		SccProjectName31 = Miscellaneous/ExternalTestInvoker/TestHost
		SccLocalPath31 = Miscellaneous\\ExternalTestInvoker\\TestHost
		SccProjectUniqueName32 = Miscellaneous\\ExternalTestInvoker\\ExternalTests\\ExternalTests.csproj
		SccProjectTopLevelParentUniqueName32 = LeakBlocker.sln
		SccProjectName32 = Miscellaneous/ExternalTestInvoker/ExternalTests
		SccLocalPath32 = Miscellaneous\\ExternalTestInvoker\\ExternalTests
	EndGlobalSection
	GlobalSection(SolutionConfigurationPlatforms) = preSolution
		Debug|Any CPU = Debug|Any CPU
		Debug|Mixed Platforms = Debug|Mixed Platforms
		Debug|Win32 = Debug|Win32
		Debug|x64 = Debug|x64
		Release|Any CPU = Release|Any CPU
		Release|Mixed Platforms = Release|Mixed Platforms
		Release|Win32 = Release|Win32
		Release|x64 = Release|x64
	EndGlobalSection
	GlobalSection(ProjectConfigurationPlatforms) = postSolution
		{F3AD6E13-2706-46C5-9109-BF94C77B47D6}.Debug|Any CPU.ActiveCfg = Debug|Any CPU
		{F3AD6E13-2706-46C5-9109-BF94C77B47D6}.Debug|Any CPU.Build.0 = Debug|Any CPU
		{F3AD6E13-2706-46C5-9109-BF94C77B47D6}.Debug|Mixed Platforms.ActiveCfg = Debug|Any CPU
		{F3AD6E13-2706-46C5-9109-BF94C77B47D6}.Debug|Mixed Platforms.Build.0 = Debug|Any CPU
		{F3AD6E13-2706-46C5-9109-BF94C77B47D6}.Debug|Win32.ActiveCfg = Debug|Any CPU
		{F3AD6E13-2706-46C5-9109-BF94C77B47D6}.Debug|x64.ActiveCfg = Debug|Any CPU
		{F3AD6E13-2706-46C5-9109-BF94C77B47D6}.Release|Any CPU.ActiveCfg = Release|Any CPU
		{F3AD6E13-2706-46C5-9109-BF94C77B47D6}.Release|Any CPU.Build.0 = Release|Any CPU
		{F3AD6E13-2706-46C5-9109-BF94C77B47D6}.Release|Mixed Platforms.ActiveCfg = Release|Any CPU
		{F3AD6E13-2706-46C5-9109-BF94C77B47D6}.Release|Mixed Platforms.Build.0 = Release|Any CPU
		{F3AD6E13-2706-46C5-9109-BF94C77B47D6}.Release|Win32.ActiveCfg = Release|Any CPU
		{F3AD6E13-2706-46C5-9109-BF94C77B47D6}.Release|x64.ActiveCfg = Release|Any CPU
		{42AF0E4E-BE03-43EB-8C5B-09C73EDFCEE9}.Debug|Any CPU.ActiveCfg = Debug|Any CPU
		{42AF0E4E-BE03-43EB-8C5B-09C73EDFCEE9}.Debug|Any CPU.Build.0 = Debug|Any CPU
		{42AF0E4E-BE03-43EB-8C5B-09C73EDFCEE9}.Debug|Mixed Platforms.ActiveCfg = Debug|Any CPU
		{42AF0E4E-BE03-43EB-8C5B-09C73EDFCEE9}.Debug|Mixed Platforms.Build.0 = Debug|Any CPU
		{42AF0E4E-BE03-43EB-8C5B-09C73EDFCEE9}.Debug|Win32.ActiveCfg = Debug|Any CPU
		{42AF0E4E-BE03-43EB-8C5B-09C73EDFCEE9}.Debug|x64.ActiveCfg = Debug|Any CPU
		{42AF0E4E-BE03-43EB-8C5B-09C73EDFCEE9}.Release|Any CPU.ActiveCfg = Release|Any CPU
		{42AF0E4E-BE03-43EB-8C5B-09C73EDFCEE9}.Release|Any CPU.Build.0 = Release|Any CPU
		{42AF0E4E-BE03-43EB-8C5B-09C73EDFCEE9}.Release|Mixed Platforms.ActiveCfg = Release|Any CPU
		{42AF0E4E-BE03-43EB-8C5B-09C73EDFCEE9}.Release|Mixed Platforms.Build.0 = Release|Any CPU
		{42AF0E4E-BE03-43EB-8C5B-09C73EDFCEE9}.Release|Win32.ActiveCfg = Release|Any CPU
		{42AF0E4E-BE03-43EB-8C5B-09C73EDFCEE9}.Release|x64.ActiveCfg = Release|Any CPU
		{B07BF191-C85C-4D4D-8F29-98B77286924F}.Debug|Any CPU.ActiveCfg = Debug|Any CPU
		{B07BF191-C85C-4D4D-8F29-98B77286924F}.Debug|Any CPU.Build.0 = Debug|Any CPU
		{B07BF191-C85C-4D4D-8F29-98B77286924F}.Debug|Mixed Platforms.ActiveCfg = Debug|Any CPU
		{B07BF191-C85C-4D4D-8F29-98B77286924F}.Debug|Mixed Platforms.Build.0 = Debug|Any CPU
		{B07BF191-C85C-4D4D-8F29-98B77286924F}.Debug|Win32.ActiveCfg = Debug|Any CPU
		{B07BF191-C85C-4D4D-8F29-98B77286924F}.Debug|x64.ActiveCfg = Debug|Any CPU
		{B07BF191-C85C-4D4D-8F29-98B77286924F}.Release|Any CPU.ActiveCfg = Release|Any CPU
		{B07BF191-C85C-4D4D-8F29-98B77286924F}.Release|Any CPU.Build.0 = Release|Any CPU
		{B07BF191-C85C-4D4D-8F29-98B77286924F}.Release|Mixed Platforms.ActiveCfg = Release|Any CPU
		{B07BF191-C85C-4D4D-8F29-98B77286924F}.Release|Mixed Platforms.Build.0 = Release|Any CPU
		{B07BF191-C85C-4D4D-8F29-98B77286924F}.Release|Win32.ActiveCfg = Release|Any CPU
		{B07BF191-C85C-4D4D-8F29-98B77286924F}.Release|x64.ActiveCfg = Release|Any CPU
		{594980EA-78D2-42C8-B785-5EAE311D4377}.Debug|Any CPU.ActiveCfg = Debug|Any CPU
		{594980EA-78D2-42C8-B785-5EAE311D4377}.Debug|Any CPU.Build.0 = Debug|Any CPU
		{594980EA-78D2-42C8-B785-5EAE311D4377}.Debug|Mixed Platforms.ActiveCfg = Debug|Any CPU
		{594980EA-78D2-42C8-B785-5EAE311D4377}.Debug|Mixed Platforms.Build.0 = Debug|Any CPU
		{594980EA-78D2-42C8-B785-5EAE311D4377}.Debug|Win32.ActiveCfg = Debug|Any CPU
		{594980EA-78D2-42C8-B785-5EAE311D4377}.Debug|x64.ActiveCfg = Debug|Any CPU
		{594980EA-78D2-42C8-B785-5EAE311D4377}.Release|Any CPU.ActiveCfg = Release|Any CPU
		{594980EA-78D2-42C8-B785-5EAE311D4377}.Release|Any CPU.Build.0 = Release|Any CPU
		{594980EA-78D2-42C8-B785-5EAE311D4377}.Release|Mixed Platforms.ActiveCfg = Release|Any CPU
		{594980EA-78D2-42C8-B785-5EAE311D4377}.Release|Mixed Platforms.Build.0 = Release|Any CPU
		{594980EA-78D2-42C8-B785-5EAE311D4377}.Release|Win32.ActiveCfg = Release|Any CPU
		{594980EA-78D2-42C8-B785-5EAE311D4377}.Release|x64.ActiveCfg = Release|Any CPU
		{4CF5C1BE-4C03-426A-A574-BEEA60A8B854}.Debug|Any CPU.ActiveCfg = Debug|Any CPU
		{4CF5C1BE-4C03-426A-A574-BEEA60A8B854}.Debug|Any CPU.Build.0 = Debug|Any CPU
		{4CF5C1BE-4C03-426A-A574-BEEA60A8B854}.Debug|Mixed Platforms.ActiveCfg = Debug|Any CPU
		{4CF5C1BE-4C03-426A-A574-BEEA60A8B854}.Debug|Mixed Platforms.Build.0 = Debug|Any CPU
		{4CF5C1BE-4C03-426A-A574-BEEA60A8B854}.Debug|Win32.ActiveCfg = Debug|Any CPU
		{4CF5C1BE-4C03-426A-A574-BEEA60A8B854}.Debug|x64.ActiveCfg = Debug|Any CPU
		{4CF5C1BE-4C03-426A-A574-BEEA60A8B854}.Release|Any CPU.ActiveCfg = Release|Any CPU
		{4CF5C1BE-4C03-426A-A574-BEEA60A8B854}.Release|Any CPU.Build.0 = Release|Any CPU
		{4CF5C1BE-4C03-426A-A574-BEEA60A8B854}.Release|Mixed Platforms.ActiveCfg = Release|Any CPU
		{4CF5C1BE-4C03-426A-A574-BEEA60A8B854}.Release|Mixed Platforms.Build.0 = Release|Any CPU
		{4CF5C1BE-4C03-426A-A574-BEEA60A8B854}.Release|Win32.ActiveCfg = Release|Any CPU
		{4CF5C1BE-4C03-426A-A574-BEEA60A8B854}.Release|x64.ActiveCfg = Release|Any CPU
		{19FE106D-3D78-4648-9A08-EA01EBAEC9A4}.Debug|Any CPU.ActiveCfg = Debug|Any CPU
		{19FE106D-3D78-4648-9A08-EA01EBAEC9A4}.Debug|Any CPU.Build.0 = Debug|Any CPU
		{19FE106D-3D78-4648-9A08-EA01EBAEC9A4}.Debug|Mixed Platforms.ActiveCfg = Debug|Any CPU
		{19FE106D-3D78-4648-9A08-EA01EBAEC9A4}.Debug|Mixed Platforms.Build.0 = Debug|Any CPU
		{19FE106D-3D78-4648-9A08-EA01EBAEC9A4}.Debug|Win32.ActiveCfg = Debug|Any CPU
		{19FE106D-3D78-4648-9A08-EA01EBAEC9A4}.Debug|x64.ActiveCfg = Debug|Any CPU
		{19FE106D-3D78-4648-9A08-EA01EBAEC9A4}.Release|Any CPU.ActiveCfg = Release|Any CPU
		{19FE106D-3D78-4648-9A08-EA01EBAEC9A4}.Release|Any CPU.Build.0 = Release|Any CPU
		{19FE106D-3D78-4648-9A08-EA01EBAEC9A4}.Release|Mixed Platforms.ActiveCfg = Release|Any CPU
		{19FE106D-3D78-4648-9A08-EA01EBAEC9A4}.Release|Mixed Platforms.Build.0 = Release|Any CPU
		{19FE106D-3D78-4648-9A08-EA01EBAEC9A4}.Release|Win32.ActiveCfg = Release|Any CPU
		{19FE106D-3D78-4648-9A08-EA01EBAEC9A4}.Release|x64.ActiveCfg = Release|Any CPU
		{0074249A-9FB0-4242-A942-9682D7FE8E7F}.Debug|Any CPU.ActiveCfg = Debug|Any CPU
		{0074249A-9FB0-4242-A942-9682D7FE8E7F}.Debug|Any CPU.Build.0 = Debug|Any CPU
		{0074249A-9FB0-4242-A942-9682D7FE8E7F}.Debug|Mixed Platforms.ActiveCfg = Debug|Any CPU
		{0074249A-9FB0-4242-A942-9682D7FE8E7F}.Debug|Mixed Platforms.Build.0 = Debug|Any CPU
		{0074249A-9FB0-4242-A942-9682D7FE8E7F}.Debug|Win32.ActiveCfg = Debug|Any CPU
		{0074249A-9FB0-4242-A942-9682D7FE8E7F}.Debug|x64.ActiveCfg = Debug|Any CPU
		{0074249A-9FB0-4242-A942-9682D7FE8E7F}.Release|Any CPU.ActiveCfg = Release|Any CPU
		{0074249A-9FB0-4242-A942-9682D7FE8E7F}.Release|Any CPU.Build.0 = Release|Any CPU
		{0074249A-9FB0-4242-A942-9682D7FE8E7F}.Release|Mixed Platforms.ActiveCfg = Release|Any CPU
		{0074249A-9FB0-4242-A942-9682D7FE8E7F}.Release|Mixed Platforms.Build.0 = Release|Any CPU
		{0074249A-9FB0-4242-A942-9682D7FE8E7F}.Release|Win32.ActiveCfg = Release|Any CPU
		{0074249A-9FB0-4242-A942-9682D7FE8E7F}.Release|x64.ActiveCfg = Release|Any CPU
		{67CA34BE-2B6E-43B7-9C61-14171C2ED815}.Debug|Any CPU.ActiveCfg = Debug|Any CPU
		{67CA34BE-2B6E-43B7-9C61-14171C2ED815}.Debug|Any CPU.Build.0 = Debug|Any CPU
		{67CA34BE-2B6E-43B7-9C61-14171C2ED815}.Debug|Mixed Platforms.ActiveCfg = Debug|Any CPU
		{67CA34BE-2B6E-43B7-9C61-14171C2ED815}.Debug|Mixed Platforms.Build.0 = Debug|Any CPU
		{67CA34BE-2B6E-43B7-9C61-14171C2ED815}.Debug|Win32.ActiveCfg = Debug|Any CPU
		{67CA34BE-2B6E-43B7-9C61-14171C2ED815}.Debug|x64.ActiveCfg = Debug|Any CPU
		{67CA34BE-2B6E-43B7-9C61-14171C2ED815}.Release|Any CPU.ActiveCfg = Release|Any CPU
		{67CA34BE-2B6E-43B7-9C61-14171C2ED815}.Release|Any CPU.Build.0 = Release|Any CPU
		{67CA34BE-2B6E-43B7-9C61-14171C2ED815}.Release|Mixed Platforms.ActiveCfg = Release|Any CPU
		{67CA34BE-2B6E-43B7-9C61-14171C2ED815}.Release|Mixed Platforms.Build.0 = Release|Any CPU
		{67CA34BE-2B6E-43B7-9C61-14171C2ED815}.Release|Win32.ActiveCfg = Release|Any CPU
		{67CA34BE-2B6E-43B7-9C61-14171C2ED815}.Release|x64.ActiveCfg = Release|Any CPU
		{A4EAA3ED-24DF-401C-BE12-C2CEA9A9CD86}.Debug|Any CPU.ActiveCfg = Debug|Any CPU
		{A4EAA3ED-24DF-401C-BE12-C2CEA9A9CD86}.Debug|Any CPU.Build.0 = Debug|Any CPU
		{A4EAA3ED-24DF-401C-BE12-C2CEA9A9CD86}.Debug|Mixed Platforms.ActiveCfg = Debug|Any CPU
		{A4EAA3ED-24DF-401C-BE12-C2CEA9A9CD86}.Debug|Mixed Platforms.Build.0 = Debug|Any CPU
		{A4EAA3ED-24DF-401C-BE12-C2CEA9A9CD86}.Debug|Win32.ActiveCfg = Debug|Any CPU
		{A4EAA3ED-24DF-401C-BE12-C2CEA9A9CD86}.Debug|x64.ActiveCfg = Debug|Any CPU
		{A4EAA3ED-24DF-401C-BE12-C2CEA9A9CD86}.Release|Any CPU.ActiveCfg = Release|Any CPU
		{A4EAA3ED-24DF-401C-BE12-C2CEA9A9CD86}.Release|Any CPU.Build.0 = Release|Any CPU
		{A4EAA3ED-24DF-401C-BE12-C2CEA9A9CD86}.Release|Mixed Platforms.ActiveCfg = Release|Any CPU
		{A4EAA3ED-24DF-401C-BE12-C2CEA9A9CD86}.Release|Mixed Platforms.Build.0 = Release|Any CPU
		{A4EAA3ED-24DF-401C-BE12-C2CEA9A9CD86}.Release|Win32.ActiveCfg = Release|Any CPU
		{A4EAA3ED-24DF-401C-BE12-C2CEA9A9CD86}.Release|x64.ActiveCfg = Release|Any CPU
		{A3A47AFA-2144-475E-BC79-6FACB3D8F6BD}.Debug|Any CPU.ActiveCfg = Debug|Any CPU
		{A3A47AFA-2144-475E-BC79-6FACB3D8F6BD}.Debug|Any CPU.Build.0 = Debug|Any CPU
		{A3A47AFA-2144-475E-BC79-6FACB3D8F6BD}.Debug|Mixed Platforms.ActiveCfg = Debug|Any CPU
		{A3A47AFA-2144-475E-BC79-6FACB3D8F6BD}.Debug|Mixed Platforms.Build.0 = Debug|Any CPU
		{A3A47AFA-2144-475E-BC79-6FACB3D8F6BD}.Debug|Win32.ActiveCfg = Debug|Any CPU
		{A3A47AFA-2144-475E-BC79-6FACB3D8F6BD}.Debug|x64.ActiveCfg = Debug|Any CPU
		{A3A47AFA-2144-475E-BC79-6FACB3D8F6BD}.Release|Any CPU.ActiveCfg = Release|Any CPU
		{A3A47AFA-2144-475E-BC79-6FACB3D8F6BD}.Release|Any CPU.Build.0 = Release|Any CPU
		{A3A47AFA-2144-475E-BC79-6FACB3D8F6BD}.Release|Mixed Platforms.ActiveCfg = Release|Any CPU
		{A3A47AFA-2144-475E-BC79-6FACB3D8F6BD}.Release|Mixed Platforms.Build.0 = Release|Any CPU
		{A3A47AFA-2144-475E-BC79-6FACB3D8F6BD}.Release|Win32.ActiveCfg = Release|Any CPU
		{A3A47AFA-2144-475E-BC79-6FACB3D8F6BD}.Release|x64.ActiveCfg = Release|Any CPU
		{C8AA28FE-3F7C-4928-9F91-48F82F70A614}.Debug|Any CPU.ActiveCfg = Debug|Any CPU
		{C8AA28FE-3F7C-4928-9F91-48F82F70A614}.Debug|Any CPU.Build.0 = Debug|Any CPU
		{C8AA28FE-3F7C-4928-9F91-48F82F70A614}.Debug|Mixed Platforms.ActiveCfg = Debug|Any CPU
		{C8AA28FE-3F7C-4928-9F91-48F82F70A614}.Debug|Mixed Platforms.Build.0 = Debug|Any CPU
		{C8AA28FE-3F7C-4928-9F91-48F82F70A614}.Debug|Win32.ActiveCfg = Debug|Any CPU
		{C8AA28FE-3F7C-4928-9F91-48F82F70A614}.Debug|x64.ActiveCfg = Debug|Any CPU
		{C8AA28FE-3F7C-4928-9F91-48F82F70A614}.Release|Any CPU.ActiveCfg = Release|Any CPU
		{C8AA28FE-3F7C-4928-9F91-48F82F70A614}.Release|Any CPU.Build.0 = Release|Any CPU
		{C8AA28FE-3F7C-4928-9F91-48F82F70A614}.Release|Mixed Platforms.ActiveCfg = Release|Any CPU
		{C8AA28FE-3F7C-4928-9F91-48F82F70A614}.Release|Mixed Platforms.Build.0 = Release|Any CPU
		{C8AA28FE-3F7C-4928-9F91-48F82F70A614}.Release|Win32.ActiveCfg = Release|Any CPU
		{C8AA28FE-3F7C-4928-9F91-48F82F70A614}.Release|x64.ActiveCfg = Release|Any CPU
		{B60C50FA-27C2-4396-8863-77D59CA7323C}.Debug|Any CPU.ActiveCfg = Debug|Any CPU
		{B60C50FA-27C2-4396-8863-77D59CA7323C}.Debug|Any CPU.Build.0 = Debug|Any CPU
		{B60C50FA-27C2-4396-8863-77D59CA7323C}.Debug|Mixed Platforms.ActiveCfg = Debug|Any CPU
		{B60C50FA-27C2-4396-8863-77D59CA7323C}.Debug|Mixed Platforms.Build.0 = Debug|Any CPU
		{B60C50FA-27C2-4396-8863-77D59CA7323C}.Debug|Win32.ActiveCfg = Debug|Any CPU
		{B60C50FA-27C2-4396-8863-77D59CA7323C}.Debug|x64.ActiveCfg = Debug|Any CPU
		{B60C50FA-27C2-4396-8863-77D59CA7323C}.Release|Any CPU.ActiveCfg = Release|Any CPU
		{B60C50FA-27C2-4396-8863-77D59CA7323C}.Release|Any CPU.Build.0 = Release|Any CPU
		{B60C50FA-27C2-4396-8863-77D59CA7323C}.Release|Mixed Platforms.ActiveCfg = Release|Any CPU
		{B60C50FA-27C2-4396-8863-77D59CA7323C}.Release|Mixed Platforms.Build.0 = Release|Any CPU
		{B60C50FA-27C2-4396-8863-77D59CA7323C}.Release|Win32.ActiveCfg = Release|Any CPU
		{B60C50FA-27C2-4396-8863-77D59CA7323C}.Release|x64.ActiveCfg = Release|Any CPU
		{428C380E-21A0-499B-974F-13E30E8FE4CD}.Debug|Any CPU.ActiveCfg = Debug|Any CPU
		{428C380E-21A0-499B-974F-13E30E8FE4CD}.Debug|Any CPU.Build.0 = Debug|Any CPU
		{428C380E-21A0-499B-974F-13E30E8FE4CD}.Debug|Mixed Platforms.ActiveCfg = Debug|Any CPU
		{428C380E-21A0-499B-974F-13E30E8FE4CD}.Debug|Mixed Platforms.Build.0 = Debug|Any CPU
		{428C380E-21A0-499B-974F-13E30E8FE4CD}.Debug|Win32.ActiveCfg = Debug|Any CPU
		{428C380E-21A0-499B-974F-13E30E8FE4CD}.Debug|x64.ActiveCfg = Debug|Any CPU
		{428C380E-21A0-499B-974F-13E30E8FE4CD}.Release|Any CPU.ActiveCfg = Release|Any CPU
		{428C380E-21A0-499B-974F-13E30E8FE4CD}.Release|Any CPU.Build.0 = Release|Any CPU
		{428C380E-21A0-499B-974F-13E30E8FE4CD}.Release|Mixed Platforms.ActiveCfg = Release|Any CPU
		{428C380E-21A0-499B-974F-13E30E8FE4CD}.Release|Mixed Platforms.Build.0 = Release|Any CPU
		{428C380E-21A0-499B-974F-13E30E8FE4CD}.Release|Win32.ActiveCfg = Release|Any CPU
		{428C380E-21A0-499B-974F-13E30E8FE4CD}.Release|x64.ActiveCfg = Release|Any CPU
		{B7DCD030-CA24-4126-B87C-469E4BAD9203}.Debug|Any CPU.ActiveCfg = Debug|Any CPU
		{B7DCD030-CA24-4126-B87C-469E4BAD9203}.Debug|Any CPU.Build.0 = Debug|Any CPU
		{B7DCD030-CA24-4126-B87C-469E4BAD9203}.Debug|Mixed Platforms.ActiveCfg = Debug|Any CPU
		{B7DCD030-CA24-4126-B87C-469E4BAD9203}.Debug|Mixed Platforms.Build.0 = Debug|Any CPU
		{B7DCD030-CA24-4126-B87C-469E4BAD9203}.Debug|Win32.ActiveCfg = Debug|Any CPU
		{B7DCD030-CA24-4126-B87C-469E4BAD9203}.Debug|x64.ActiveCfg = Debug|Any CPU
		{B7DCD030-CA24-4126-B87C-469E4BAD9203}.Release|Any CPU.ActiveCfg = Release|Any CPU
		{B7DCD030-CA24-4126-B87C-469E4BAD9203}.Release|Any CPU.Build.0 = Release|Any CPU
		{B7DCD030-CA24-4126-B87C-469E4BAD9203}.Release|Mixed Platforms.ActiveCfg = Release|Any CPU
		{B7DCD030-CA24-4126-B87C-469E4BAD9203}.Release|Mixed Platforms.Build.0 = Release|Any CPU
		{B7DCD030-CA24-4126-B87C-469E4BAD9203}.Release|Win32.ActiveCfg = Release|Any CPU
		{B7DCD030-CA24-4126-B87C-469E4BAD9203}.Release|x64.ActiveCfg = Release|Any CPU
		{7CC426BC-B35B-4CCB-9994-EF4392D19147}.Debug|Any CPU.ActiveCfg = Debug|Any CPU
		{7CC426BC-B35B-4CCB-9994-EF4392D19147}.Debug|Any CPU.Build.0 = Debug|Any CPU
		{7CC426BC-B35B-4CCB-9994-EF4392D19147}.Debug|Mixed Platforms.ActiveCfg = Debug|Any CPU
		{7CC426BC-B35B-4CCB-9994-EF4392D19147}.Debug|Mixed Platforms.Build.0 = Debug|Any CPU
		{7CC426BC-B35B-4CCB-9994-EF4392D19147}.Debug|Win32.ActiveCfg = Debug|Any CPU
		{7CC426BC-B35B-4CCB-9994-EF4392D19147}.Debug|x64.ActiveCfg = Debug|Any CPU
		{7CC426BC-B35B-4CCB-9994-EF4392D19147}.Release|Any CPU.ActiveCfg = Release|Any CPU
		{7CC426BC-B35B-4CCB-9994-EF4392D19147}.Release|Any CPU.Build.0 = Release|Any CPU
		{7CC426BC-B35B-4CCB-9994-EF4392D19147}.Release|Mixed Platforms.ActiveCfg = Release|Any CPU
		{7CC426BC-B35B-4CCB-9994-EF4392D19147}.Release|Mixed Platforms.Build.0 = Release|Any CPU
		{7CC426BC-B35B-4CCB-9994-EF4392D19147}.Release|Win32.ActiveCfg = Release|Any CPU
		{7CC426BC-B35B-4CCB-9994-EF4392D19147}.Release|x64.ActiveCfg = Release|Any CPU
		{358943BD-4DC2-4D94-AD50-B6E1E740B2A3}.Debug|Any CPU.ActiveCfg = Debug|Any CPU
		{358943BD-4DC2-4D94-AD50-B6E1E740B2A3}.Debug|Any CPU.Build.0 = Debug|Any CPU
		{358943BD-4DC2-4D94-AD50-B6E1E740B2A3}.Debug|Mixed Platforms.ActiveCfg = Debug|Any CPU
		{358943BD-4DC2-4D94-AD50-B6E1E740B2A3}.Debug|Mixed Platforms.Build.0 = Debug|Any CPU
		{358943BD-4DC2-4D94-AD50-B6E1E740B2A3}.Debug|Win32.ActiveCfg = Debug|Any CPU
		{358943BD-4DC2-4D94-AD50-B6E1E740B2A3}.Debug|x64.ActiveCfg = Debug|Any CPU
		{358943BD-4DC2-4D94-AD50-B6E1E740B2A3}.Release|Any CPU.ActiveCfg = Release|Any CPU
		{358943BD-4DC2-4D94-AD50-B6E1E740B2A3}.Release|Any CPU.Build.0 = Release|Any CPU
		{358943BD-4DC2-4D94-AD50-B6E1E740B2A3}.Release|Mixed Platforms.ActiveCfg = Release|Any CPU
		{358943BD-4DC2-4D94-AD50-B6E1E740B2A3}.Release|Mixed Platforms.Build.0 = Release|Any CPU
		{358943BD-4DC2-4D94-AD50-B6E1E740B2A3}.Release|Win32.ActiveCfg = Release|Any CPU
		{358943BD-4DC2-4D94-AD50-B6E1E740B2A3}.Release|x64.ActiveCfg = Release|Any CPU
		{EA27685B-AC7E-4981-A64E-55D44E6EADE7}.Debug|Any CPU.ActiveCfg = Debug|Any CPU
		{EA27685B-AC7E-4981-A64E-55D44E6EADE7}.Debug|Any CPU.Build.0 = Debug|Any CPU
		{EA27685B-AC7E-4981-A64E-55D44E6EADE7}.Debug|Mixed Platforms.ActiveCfg = Debug|Any CPU
		{EA27685B-AC7E-4981-A64E-55D44E6EADE7}.Debug|Mixed Platforms.Build.0 = Debug|Any CPU
		{EA27685B-AC7E-4981-A64E-55D44E6EADE7}.Debug|Win32.ActiveCfg = Debug|Any CPU
		{EA27685B-AC7E-4981-A64E-55D44E6EADE7}.Debug|x64.ActiveCfg = Debug|Any CPU
		{EA27685B-AC7E-4981-A64E-55D44E6EADE7}.Release|Any CPU.ActiveCfg = Release|Any CPU
		{EA27685B-AC7E-4981-A64E-55D44E6EADE7}.Release|Any CPU.Build.0 = Release|Any CPU
		{EA27685B-AC7E-4981-A64E-55D44E6EADE7}.Release|Mixed Platforms.ActiveCfg = Release|Any CPU
		{EA27685B-AC7E-4981-A64E-55D44E6EADE7}.Release|Mixed Platforms.Build.0 = Release|Any CPU
		{EA27685B-AC7E-4981-A64E-55D44E6EADE7}.Release|Win32.ActiveCfg = Release|Any CPU
		{EA27685B-AC7E-4981-A64E-55D44E6EADE7}.Release|x64.ActiveCfg = Release|Any CPU
		{C30B0F09-C1EC-4AD1-B3F9-74D57B95C2A9}.Debug|Any CPU.ActiveCfg = Debug|Any CPU
		{C30B0F09-C1EC-4AD1-B3F9-74D57B95C2A9}.Debug|Any CPU.Build.0 = Debug|Any CPU
		{C30B0F09-C1EC-4AD1-B3F9-74D57B95C2A9}.Debug|Mixed Platforms.ActiveCfg = Debug|Any CPU
		{C30B0F09-C1EC-4AD1-B3F9-74D57B95C2A9}.Debug|Mixed Platforms.Build.0 = Debug|Any CPU
		{C30B0F09-C1EC-4AD1-B3F9-74D57B95C2A9}.Debug|Win32.ActiveCfg = Debug|Any CPU
		{C30B0F09-C1EC-4AD1-B3F9-74D57B95C2A9}.Debug|x64.ActiveCfg = Debug|Any CPU
		{C30B0F09-C1EC-4AD1-B3F9-74D57B95C2A9}.Release|Any CPU.ActiveCfg = Release|Any CPU
		{C30B0F09-C1EC-4AD1-B3F9-74D57B95C2A9}.Release|Any CPU.Build.0 = Release|Any CPU
		{C30B0F09-C1EC-4AD1-B3F9-74D57B95C2A9}.Release|Mixed Platforms.ActiveCfg = Release|Any CPU
		{C30B0F09-C1EC-4AD1-B3F9-74D57B95C2A9}.Release|Mixed Platforms.Build.0 = Release|Any CPU
		{C30B0F09-C1EC-4AD1-B3F9-74D57B95C2A9}.Release|Win32.ActiveCfg = Release|Any CPU
		{C30B0F09-C1EC-4AD1-B3F9-74D57B95C2A9}.Release|x64.ActiveCfg = Release|Any CPU
		{8280AE89-F60D-454D-9C72-81CBFE0E8388}.Debug|Any CPU.ActiveCfg = Debug|Any CPU
		{8280AE89-F60D-454D-9C72-81CBFE0E8388}.Debug|Any CPU.Build.0 = Debug|Any CPU
		{8280AE89-F60D-454D-9C72-81CBFE0E8388}.Debug|Mixed Platforms.ActiveCfg = Debug|Any CPU
		{8280AE89-F60D-454D-9C72-81CBFE0E8388}.Debug|Mixed Platforms.Build.0 = Debug|Any CPU
		{8280AE89-F60D-454D-9C72-81CBFE0E8388}.Debug|Win32.ActiveCfg = Debug|Any CPU
		{8280AE89-F60D-454D-9C72-81CBFE0E8388}.Debug|x64.ActiveCfg = Debug|Any CPU
		{8280AE89-F60D-454D-9C72-81CBFE0E8388}.Release|Any CPU.ActiveCfg = Release|Any CPU
		{8280AE89-F60D-454D-9C72-81CBFE0E8388}.Release|Any CPU.Build.0 = Release|Any CPU
		{8280AE89-F60D-454D-9C72-81CBFE0E8388}.Release|Mixed Platforms.ActiveCfg = Release|Any CPU
		{8280AE89-F60D-454D-9C72-81CBFE0E8388}.Release|Mixed Platforms.Build.0 = Release|Any CPU
		{8280AE89-F60D-454D-9C72-81CBFE0E8388}.Release|Win32.ActiveCfg = Release|Any CPU
		{8280AE89-F60D-454D-9C72-81CBFE0E8388}.Release|x64.ActiveCfg = Release|Any CPU
		{15AEAE97-4F46-49F4-9C7C-5984C0E8AA3A}.Debug|Any CPU.ActiveCfg = Debug|Any CPU
		{15AEAE97-4F46-49F4-9C7C-5984C0E8AA3A}.Debug|Any CPU.Build.0 = Debug|Any CPU
		{15AEAE97-4F46-49F4-9C7C-5984C0E8AA3A}.Debug|Mixed Platforms.ActiveCfg = Debug|Any CPU
		{15AEAE97-4F46-49F4-9C7C-5984C0E8AA3A}.Debug|Mixed Platforms.Build.0 = Debug|Any CPU
		{15AEAE97-4F46-49F4-9C7C-5984C0E8AA3A}.Debug|Win32.ActiveCfg = Debug|Any CPU
		{15AEAE97-4F46-49F4-9C7C-5984C0E8AA3A}.Debug|x64.ActiveCfg = Debug|Any CPU
		{15AEAE97-4F46-49F4-9C7C-5984C0E8AA3A}.Release|Any CPU.ActiveCfg = Release|Any CPU
		{15AEAE97-4F46-49F4-9C7C-5984C0E8AA3A}.Release|Any CPU.Build.0 = Release|Any CPU
		{15AEAE97-4F46-49F4-9C7C-5984C0E8AA3A}.Release|Mixed Platforms.ActiveCfg = Release|Any CPU
		{15AEAE97-4F46-49F4-9C7C-5984C0E8AA3A}.Release|Mixed Platforms.Build.0 = Release|Any CPU
		{15AEAE97-4F46-49F4-9C7C-5984C0E8AA3A}.Release|Win32.ActiveCfg = Release|Any CPU
		{15AEAE97-4F46-49F4-9C7C-5984C0E8AA3A}.Release|x64.ActiveCfg = Release|Any CPU
		{EAD6BFCF-8639-45CA-AEEC-4D4CF490D25A}.Debug|Any CPU.ActiveCfg = Debug|Any CPU
		{EAD6BFCF-8639-45CA-AEEC-4D4CF490D25A}.Debug|Any CPU.Build.0 = Debug|Any CPU
		{EAD6BFCF-8639-45CA-AEEC-4D4CF490D25A}.Debug|Mixed Platforms.ActiveCfg = Debug|Any CPU
		{EAD6BFCF-8639-45CA-AEEC-4D4CF490D25A}.Debug|Mixed Platforms.Build.0 = Debug|Any CPU
		{EAD6BFCF-8639-45CA-AEEC-4D4CF490D25A}.Debug|Win32.ActiveCfg = Debug|Any CPU
		{EAD6BFCF-8639-45CA-AEEC-4D4CF490D25A}.Debug|x64.ActiveCfg = Debug|Any CPU
		{EAD6BFCF-8639-45CA-AEEC-4D4CF490D25A}.Release|Any CPU.ActiveCfg = Release|Any CPU
		{EAD6BFCF-8639-45CA-AEEC-4D4CF490D25A}.Release|Any CPU.Build.0 = Release|Any CPU
		{EAD6BFCF-8639-45CA-AEEC-4D4CF490D25A}.Release|Mixed Platforms.ActiveCfg = Release|Any CPU
		{EAD6BFCF-8639-45CA-AEEC-4D4CF490D25A}.Release|Mixed Platforms.Build.0 = Release|Any CPU
		{EAD6BFCF-8639-45CA-AEEC-4D4CF490D25A}.Release|Win32.ActiveCfg = Release|Any CPU
		{EAD6BFCF-8639-45CA-AEEC-4D4CF490D25A}.Release|x64.ActiveCfg = Release|Any CPU
		{981D8526-5515-4EA8-B478-A2389B1896A9}.Debug|Any CPU.ActiveCfg = Debug|Win32
		{981D8526-5515-4EA8-B478-A2389B1896A9}.Debug|Mixed Platforms.ActiveCfg = Debug|Win32
		{981D8526-5515-4EA8-B478-A2389B1896A9}.Debug|Mixed Platforms.Build.0 = Debug|Win32
		{981D8526-5515-4EA8-B478-A2389B1896A9}.Debug|Win32.ActiveCfg = Debug|Win32
		{981D8526-5515-4EA8-B478-A2389B1896A9}.Debug|Win32.Build.0 = Debug|Win32
		{981D8526-5515-4EA8-B478-A2389B1896A9}.Debug|x64.ActiveCfg = Debug|Win32
		{981D8526-5515-4EA8-B478-A2389B1896A9}.Release|Any CPU.ActiveCfg = Release|Win32
		{981D8526-5515-4EA8-B478-A2389B1896A9}.Release|Mixed Platforms.ActiveCfg = Release|Win32
		{981D8526-5515-4EA8-B478-A2389B1896A9}.Release|Mixed Platforms.Build.0 = Release|Win32
		{981D8526-5515-4EA8-B478-A2389B1896A9}.Release|Win32.ActiveCfg = Release|Win32
		{981D8526-5515-4EA8-B478-A2389B1896A9}.Release|Win32.Build.0 = Release|Win32
		{981D8526-5515-4EA8-B478-A2389B1896A9}.Release|x64.ActiveCfg = Release|Win32
		{7A546956-273E-493D-9F73-99F9C6F01B29}.Debug|Any CPU.ActiveCfg = Debug|x64
		{7A546956-273E-493D-9F73-99F9C6F01B29}.Debug|Mixed Platforms.ActiveCfg = Debug|x64
		{7A546956-273E-493D-9F73-99F9C6F01B29}.Debug|Mixed Platforms.Build.0 = Debug|x64
		{7A546956-273E-493D-9F73-99F9C6F01B29}.Debug|Win32.ActiveCfg = Debug|x64
		{7A546956-273E-493D-9F73-99F9C6F01B29}.Debug|x64.ActiveCfg = Debug|x64
		{7A546956-273E-493D-9F73-99F9C6F01B29}.Debug|x64.Build.0 = Debug|x64
		{7A546956-273E-493D-9F73-99F9C6F01B29}.Release|Any CPU.ActiveCfg = Release|x64
		{7A546956-273E-493D-9F73-99F9C6F01B29}.Release|Mixed Platforms.ActiveCfg = Release|x64
		{7A546956-273E-493D-9F73-99F9C6F01B29}.Release|Mixed Platforms.Build.0 = Release|x64
		{7A546956-273E-493D-9F73-99F9C6F01B29}.Release|Win32.ActiveCfg = Release|x64
		{7A546956-273E-493D-9F73-99F9C6F01B29}.Release|x64.ActiveCfg = Release|x64
		{7A546956-273E-493D-9F73-99F9C6F01B29}.Release|x64.Build.0 = Release|x64
		{E40B5CBE-8062-42AE-AF77-92CD5DCBAABF}.Debug|Any CPU.ActiveCfg = Debug|Win32
		{E40B5CBE-8062-42AE-AF77-92CD5DCBAABF}.Debug|Mixed Platforms.ActiveCfg = Debug|Win32
		{E40B5CBE-8062-42AE-AF77-92CD5DCBAABF}.Debug|Mixed Platforms.Build.0 = Debug|Win32
		{E40B5CBE-8062-42AE-AF77-92CD5DCBAABF}.Debug|Win32.ActiveCfg = Debug|Win32
		{E40B5CBE-8062-42AE-AF77-92CD5DCBAABF}.Debug|Win32.Build.0 = Debug|Win32
		{E40B5CBE-8062-42AE-AF77-92CD5DCBAABF}.Debug|x64.ActiveCfg = Debug|Win32
		{E40B5CBE-8062-42AE-AF77-92CD5DCBAABF}.Release|Any CPU.ActiveCfg = Release|Win32
		{E40B5CBE-8062-42AE-AF77-92CD5DCBAABF}.Release|Mixed Platforms.ActiveCfg = Release|Win32
		{E40B5CBE-8062-42AE-AF77-92CD5DCBAABF}.Release|Mixed Platforms.Build.0 = Release|Win32
		{E40B5CBE-8062-42AE-AF77-92CD5DCBAABF}.Release|Win32.ActiveCfg = Release|Win32
		{E40B5CBE-8062-42AE-AF77-92CD5DCBAABF}.Release|Win32.Build.0 = Release|Win32
		{E40B5CBE-8062-42AE-AF77-92CD5DCBAABF}.Release|x64.ActiveCfg = Release|Win32
		{AB45A42D-B0B3-4A44-A34F-FD34D28707EF}.Debug|Any CPU.ActiveCfg = Debug|Win32
		{AB45A42D-B0B3-4A44-A34F-FD34D28707EF}.Debug|Mixed Platforms.ActiveCfg = Debug|Win32
		{AB45A42D-B0B3-4A44-A34F-FD34D28707EF}.Debug|Mixed Platforms.Build.0 = Debug|Win32
		{AB45A42D-B0B3-4A44-A34F-FD34D28707EF}.Debug|Win32.ActiveCfg = Debug|Win32
		{AB45A42D-B0B3-4A44-A34F-FD34D28707EF}.Debug|Win32.Build.0 = Debug|Win32
		{AB45A42D-B0B3-4A44-A34F-FD34D28707EF}.Debug|x64.ActiveCfg = Debug|Win32
		{AB45A42D-B0B3-4A44-A34F-FD34D28707EF}.Release|Any CPU.ActiveCfg = Release|Win32
		{AB45A42D-B0B3-4A44-A34F-FD34D28707EF}.Release|Mixed Platforms.ActiveCfg = Release|Win32
		{AB45A42D-B0B3-4A44-A34F-FD34D28707EF}.Release|Mixed Platforms.Build.0 = Release|Win32
		{AB45A42D-B0B3-4A44-A34F-FD34D28707EF}.Release|Win32.ActiveCfg = Release|Win32
		{AB45A42D-B0B3-4A44-A34F-FD34D28707EF}.Release|Win32.Build.0 = Release|Win32
		{AB45A42D-B0B3-4A44-A34F-FD34D28707EF}.Release|x64.ActiveCfg = Release|Win32
		{596196C8-5429-445A-BD08-E79BF4A28AE9}.Debug|Any CPU.ActiveCfg = Debug|Any CPU
		{596196C8-5429-445A-BD08-E79BF4A28AE9}.Debug|Any CPU.Build.0 = Debug|Any CPU
		{596196C8-5429-445A-BD08-E79BF4A28AE9}.Debug|Mixed Platforms.ActiveCfg = Debug|Any CPU
		{596196C8-5429-445A-BD08-E79BF4A28AE9}.Debug|Mixed Platforms.Build.0 = Debug|Any CPU
		{596196C8-5429-445A-BD08-E79BF4A28AE9}.Debug|Win32.ActiveCfg = Debug|Any CPU
		{596196C8-5429-445A-BD08-E79BF4A28AE9}.Debug|x64.ActiveCfg = Debug|Any CPU
		{596196C8-5429-445A-BD08-E79BF4A28AE9}.Release|Any CPU.ActiveCfg = Release|Any CPU
		{596196C8-5429-445A-BD08-E79BF4A28AE9}.Release|Any CPU.Build.0 = Release|Any CPU
		{596196C8-5429-445A-BD08-E79BF4A28AE9}.Release|Mixed Platforms.ActiveCfg = Release|Any CPU
		{596196C8-5429-445A-BD08-E79BF4A28AE9}.Release|Mixed Platforms.Build.0 = Release|Any CPU
		{596196C8-5429-445A-BD08-E79BF4A28AE9}.Release|Win32.ActiveCfg = Release|Any CPU
		{596196C8-5429-445A-BD08-E79BF4A28AE9}.Release|x64.ActiveCfg = Release|Any CPU
		{E403E89F-8924-4F06-8A72-53EB5723B506}.Debug|Any CPU.ActiveCfg = Debug|Any CPU
		{E403E89F-8924-4F06-8A72-53EB5723B506}.Debug|Any CPU.Build.0 = Debug|Any CPU
		{E403E89F-8924-4F06-8A72-53EB5723B506}.Debug|Mixed Platforms.ActiveCfg = Debug|Any CPU
		{E403E89F-8924-4F06-8A72-53EB5723B506}.Debug|Mixed Platforms.Build.0 = Debug|Any CPU
		{E403E89F-8924-4F06-8A72-53EB5723B506}.Debug|Win32.ActiveCfg = Debug|Any CPU
		{E403E89F-8924-4F06-8A72-53EB5723B506}.Debug|x64.ActiveCfg = Debug|Any CPU
		{E403E89F-8924-4F06-8A72-53EB5723B506}.Release|Any CPU.ActiveCfg = Release|Any CPU
		{E403E89F-8924-4F06-8A72-53EB5723B506}.Release|Any CPU.Build.0 = Release|Any CPU
		{E403E89F-8924-4F06-8A72-53EB5723B506}.Release|Mixed Platforms.ActiveCfg = Release|Any CPU
		{E403E89F-8924-4F06-8A72-53EB5723B506}.Release|Mixed Platforms.Build.0 = Release|Any CPU
		{E403E89F-8924-4F06-8A72-53EB5723B506}.Release|Win32.ActiveCfg = Release|Any CPU
		{E403E89F-8924-4F06-8A72-53EB5723B506}.Release|x64.ActiveCfg = Release|Any CPU
		{D069C35E-F867-417A-AAA3-DB2E48B14CE8}.Debug|Any CPU.ActiveCfg = Debug|Any CPU
		{D069C35E-F867-417A-AAA3-DB2E48B14CE8}.Debug|Any CPU.Build.0 = Debug|Any CPU
		{D069C35E-F867-417A-AAA3-DB2E48B14CE8}.Debug|Mixed Platforms.ActiveCfg = Debug|Any CPU
		{D069C35E-F867-417A-AAA3-DB2E48B14CE8}.Debug|Mixed Platforms.Build.0 = Debug|Any CPU
		{D069C35E-F867-417A-AAA3-DB2E48B14CE8}.Debug|Win32.ActiveCfg = Debug|Any CPU
		{D069C35E-F867-417A-AAA3-DB2E48B14CE8}.Debug|x64.ActiveCfg = Debug|Any CPU
		{D069C35E-F867-417A-AAA3-DB2E48B14CE8}.Release|Any CPU.ActiveCfg = Release|Any CPU
		{D069C35E-F867-417A-AAA3-DB2E48B14CE8}.Release|Any CPU.Build.0 = Release|Any CPU
		{D069C35E-F867-417A-AAA3-DB2E48B14CE8}.Release|Mixed Platforms.ActiveCfg = Release|Any CPU
		{D069C35E-F867-417A-AAA3-DB2E48B14CE8}.Release|Mixed Platforms.Build.0 = Release|Any CPU
		{D069C35E-F867-417A-AAA3-DB2E48B14CE8}.Release|Win32.ActiveCfg = Release|Any CPU
		{D069C35E-F867-417A-AAA3-DB2E48B14CE8}.Release|x64.ActiveCfg = Release|Any CPU
		{3ACC9819-AD7B-4B2E-9FDA-B84E1A381455}.Debug|Any CPU.ActiveCfg = Debug|Any CPU
		{3ACC9819-AD7B-4B2E-9FDA-B84E1A381455}.Debug|Any CPU.Build.0 = Debug|Any CPU
		{3ACC9819-AD7B-4B2E-9FDA-B84E1A381455}.Debug|Mixed Platforms.ActiveCfg = Debug|Any CPU
		{3ACC9819-AD7B-4B2E-9FDA-B84E1A381455}.Debug|Mixed Platforms.Build.0 = Debug|Any CPU
		{3ACC9819-AD7B-4B2E-9FDA-B84E1A381455}.Debug|Win32.ActiveCfg = Debug|Any CPU
		{3ACC9819-AD7B-4B2E-9FDA-B84E1A381455}.Debug|x64.ActiveCfg = Debug|Any CPU
		{3ACC9819-AD7B-4B2E-9FDA-B84E1A381455}.Release|Any CPU.ActiveCfg = Release|Any CPU
		{3ACC9819-AD7B-4B2E-9FDA-B84E1A381455}.Release|Any CPU.Build.0 = Release|Any CPU
		{3ACC9819-AD7B-4B2E-9FDA-B84E1A381455}.Release|Mixed Platforms.ActiveCfg = Release|Any CPU
		{3ACC9819-AD7B-4B2E-9FDA-B84E1A381455}.Release|Mixed Platforms.Build.0 = Release|Any CPU
		{3ACC9819-AD7B-4B2E-9FDA-B84E1A381455}.Release|Win32.ActiveCfg = Release|Any CPU
		{3ACC9819-AD7B-4B2E-9FDA-B84E1A381455}.Release|x64.ActiveCfg = Release|Any CPU
		{E9B34AB8-B87D-4567-8A62-18CCD3D933C1}.Debug|Any CPU.ActiveCfg = Debug|Any CPU
		{E9B34AB8-B87D-4567-8A62-18CCD3D933C1}.Debug|Any CPU.Build.0 = Debug|Any CPU
		{E9B34AB8-B87D-4567-8A62-18CCD3D933C1}.Debug|Mixed Platforms.ActiveCfg = Debug|Any CPU
		{E9B34AB8-B87D-4567-8A62-18CCD3D933C1}.Debug|Mixed Platforms.Build.0 = Debug|Any CPU
		{E9B34AB8-B87D-4567-8A62-18CCD3D933C1}.Debug|Win32.ActiveCfg = Debug|Any CPU
		{E9B34AB8-B87D-4567-8A62-18CCD3D933C1}.Debug|x64.ActiveCfg = Debug|Any CPU
		{E9B34AB8-B87D-4567-8A62-18CCD3D933C1}.Release|Any CPU.ActiveCfg = Release|Any CPU
		{E9B34AB8-B87D-4567-8A62-18CCD3D933C1}.Release|Any CPU.Build.0 = Release|Any CPU
		{E9B34AB8-B87D-4567-8A62-18CCD3D933C1}.Release|Mixed Platforms.ActiveCfg = Release|Any CPU
		{E9B34AB8-B87D-4567-8A62-18CCD3D933C1}.Release|Mixed Platforms.Build.0 = Release|Any CPU
		{E9B34AB8-B87D-4567-8A62-18CCD3D933C1}.Release|Win32.ActiveCfg = Release|Any CPU
		{E9B34AB8-B87D-4567-8A62-18CCD3D933C1}.Release|x64.ActiveCfg = Release|Any CPU
		{FA317917-52DC-4D2A-97BF-7DF091F90EB1}.Debug|Any CPU.ActiveCfg = Debug|Any CPU
		{FA317917-52DC-4D2A-97BF-7DF091F90EB1}.Debug|Any CPU.Build.0 = Debug|Any CPU
		{FA317917-52DC-4D2A-97BF-7DF091F90EB1}.Debug|Mixed Platforms.ActiveCfg = Debug|Any CPU
		{FA317917-52DC-4D2A-97BF-7DF091F90EB1}.Debug|Mixed Platforms.Build.0 = Debug|Any CPU
		{FA317917-52DC-4D2A-97BF-7DF091F90EB1}.Debug|Win32.ActiveCfg = Debug|Any CPU
		{FA317917-52DC-4D2A-97BF-7DF091F90EB1}.Debug|x64.ActiveCfg = Debug|Any CPU
		{FA317917-52DC-4D2A-97BF-7DF091F90EB1}.Release|Any CPU.ActiveCfg = Release|Any CPU
		{FA317917-52DC-4D2A-97BF-7DF091F90EB1}.Release|Any CPU.Build.0 = Release|Any CPU
		{FA317917-52DC-4D2A-97BF-7DF091F90EB1}.Release|Mixed Platforms.ActiveCfg = Release|Any CPU
		{FA317917-52DC-4D2A-97BF-7DF091F90EB1}.Release|Mixed Platforms.Build.0 = Release|Any CPU
		{FA317917-52DC-4D2A-97BF-7DF091F90EB1}.Release|Win32.ActiveCfg = Release|Any CPU
		{FA317917-52DC-4D2A-97BF-7DF091F90EB1}.Release|x64.ActiveCfg = Release|Any CPU
		{652A0851-1546-49CE-8813-D48F2EDD2DD1}.Debug|Any CPU.ActiveCfg = Debug|Any CPU
		{652A0851-1546-49CE-8813-D48F2EDD2DD1}.Debug|Any CPU.Build.0 = Debug|Any CPU
		{652A0851-1546-49CE-8813-D48F2EDD2DD1}.Debug|Mixed Platforms.ActiveCfg = Debug|Any CPU
		{652A0851-1546-49CE-8813-D48F2EDD2DD1}.Debug|Mixed Platforms.Build.0 = Debug|Any CPU
		{652A0851-1546-49CE-8813-D48F2EDD2DD1}.Debug|Win32.ActiveCfg = Debug|Any CPU
		{652A0851-1546-49CE-8813-D48F2EDD2DD1}.Debug|x64.ActiveCfg = Debug|Any CPU
		{652A0851-1546-49CE-8813-D48F2EDD2DD1}.Release|Any CPU.ActiveCfg = Release|Any CPU
		{652A0851-1546-49CE-8813-D48F2EDD2DD1}.Release|Any CPU.Build.0 = Release|Any CPU
		{652A0851-1546-49CE-8813-D48F2EDD2DD1}.Release|Mixed Platforms.ActiveCfg = Release|Any CPU
		{652A0851-1546-49CE-8813-D48F2EDD2DD1}.Release|Mixed Platforms.Build.0 = Release|Any CPU
		{652A0851-1546-49CE-8813-D48F2EDD2DD1}.Release|Win32.ActiveCfg = Release|Any CPU
		{652A0851-1546-49CE-8813-D48F2EDD2DD1}.Release|x64.ActiveCfg = Release|Any CPU
	EndGlobalSection
	GlobalSection(SolutionProperties) = preSolution
		HideSolutionNode = FALSE
	EndGlobalSection
	GlobalSection(NestedProjects) = preSolution
		{F3AD6E13-2706-46C5-9109-BF94C77B47D6} = {E63C12FA-5C0F-4DAB-A3D1-C8FC1B622BA0}
		{594980EA-78D2-42C8-B785-5EAE311D4377} = {E63C12FA-5C0F-4DAB-A3D1-C8FC1B622BA0}
		{B60C50FA-27C2-4396-8863-77D59CA7323C} = {E63C12FA-5C0F-4DAB-A3D1-C8FC1B622BA0}
		{428C380E-21A0-499B-974F-13E30E8FE4CD} = {E63C12FA-5C0F-4DAB-A3D1-C8FC1B622BA0}
		{EAD6BFCF-8639-45CA-AEEC-4D4CF490D25A} = {E63C12FA-5C0F-4DAB-A3D1-C8FC1B622BA0}
		{42AF0E4E-BE03-43EB-8C5B-09C73EDFCEE9} = {2A20278D-9C62-48B9-A86E-C8858443304E}
		{B07BF191-C85C-4D4D-8F29-98B77286924F} = {2A20278D-9C62-48B9-A86E-C8858443304E}
		{0074249A-9FB0-4242-A942-9682D7FE8E7F} = {2A20278D-9C62-48B9-A86E-C8858443304E}
		{67CA34BE-2B6E-43B7-9C61-14171C2ED815} = {2A20278D-9C62-48B9-A86E-C8858443304E}
		{8280AE89-F60D-454D-9C72-81CBFE0E8388} = {2A20278D-9C62-48B9-A86E-C8858443304E}
		{15AEAE97-4F46-49F4-9C7C-5984C0E8AA3A} = {2A20278D-9C62-48B9-A86E-C8858443304E}
		{B7DCD030-CA24-4126-B87C-469E4BAD9203} = {8A699173-1AC5-48C5-B23C-3589C1C3976F}
		{EA27685B-AC7E-4981-A64E-55D44E6EADE7} = {8A699173-1AC5-48C5-B23C-3589C1C3976F}
		{A3A47AFA-2144-475E-BC79-6FACB3D8F6BD} = {85CD0D62-9A9E-462F-BF84-B053D9FEA202}
		{C8AA28FE-3F7C-4928-9F91-48F82F70A614} = {85CD0D62-9A9E-462F-BF84-B053D9FEA202}
		{F63D58FF-2E7D-4F39-B948-DA22F9B1F83A} = {E4D937DD-3182-4D8F-8C8A-05ED90D05D99}
		{81E7F94E-018D-4577-890E-059AA639B292} = {E4D937DD-3182-4D8F-8C8A-05ED90D05D99}
		{7CC426BC-B35B-4CCB-9994-EF4392D19147} = {81E7F94E-018D-4577-890E-059AA639B292}
		{C30B0F09-C1EC-4AD1-B3F9-74D57B95C2A9} = {81E7F94E-018D-4577-890E-059AA639B292}
		{959939D2-9633-444B-863D-C973065EC218} = {81E7F94E-018D-4577-890E-059AA639B292}
		{4CF5C1BE-4C03-426A-A574-BEEA60A8B854} = {AB39306D-A418-4BBF-9707-ED4249946576}
		{19FE106D-3D78-4648-9A08-EA01EBAEC9A4} = {AB39306D-A418-4BBF-9707-ED4249946576}
		{A4EAA3ED-24DF-401C-BE12-C2CEA9A9CD86} = {AB39306D-A418-4BBF-9707-ED4249946576}
		{358943BD-4DC2-4D94-AD50-B6E1E740B2A3} = {AB39306D-A418-4BBF-9707-ED4249946576}
		{981D8526-5515-4EA8-B478-A2389B1896A9} = {71506A37-B67A-42FF-8760-99E161424BB4}
		{7A546956-273E-493D-9F73-99F9C6F01B29} = {71506A37-B67A-42FF-8760-99E161424BB4}
		{E40B5CBE-8062-42AE-AF77-92CD5DCBAABF} = {71506A37-B67A-42FF-8760-99E161424BB4}
		{AB45A42D-B0B3-4A44-A34F-FD34D28707EF} = {71506A37-B67A-42FF-8760-99E161424BB4}
		{596196C8-5429-445A-BD08-E79BF4A28AE9} = {8821BCD2-4C26-4186-8851-100BB2E36250}
		{E403E89F-8924-4F06-8A72-53EB5723B506} = {8821BCD2-4C26-4186-8851-100BB2E36250}
		{D069C35E-F867-417A-AAA3-DB2E48B14CE8} = {8821BCD2-4C26-4186-8851-100BB2E36250}
		{3ACC9819-AD7B-4B2E-9FDA-B84E1A381455} = {8821BCD2-4C26-4186-8851-100BB2E36250}
		{E9B34AB8-B87D-4567-8A62-18CCD3D933C1} = {959939D2-9633-444B-863D-C973065EC218}
		{FA317917-52DC-4D2A-97BF-7DF091F90EB1} = {959939D2-9633-444B-863D-C973065EC218}
		{652A0851-1546-49CE-8813-D48F2EDD2DD1} = {959939D2-9633-444B-863D-C973065EC218}
	EndGlobalSection
EndGlobal
