
Microsoft Visual Studio Solution File, Format Version 12.00
# Visual Studio 2012
Project("{FAE04EC0-301F-11D3-BF4B-00C04F79EFBC}") = "TcpGenerator", "TcpGenerator\TcpGenerator.csproj", "{182F832F-73C2-4D03-83BB-31C96B387667}"
EndProject
Global
	GlobalSection(TeamFoundationVersionControl) = preSolution
		SccNumberOfProjects = 2
		SccEnterpriseProvider = {4CA58AB2-18FA-4F8D-95D4-32DDF27D184C}
		SccTeamFoundationServer = http://tfs:8080/tfs/code
		SccLocalPath0 = .
		SccProjectUniqueName1 = TcpGenerator\\TcpGenerator.csproj
		SccProjectName1 = TcpGenerator
		SccLocalPath1 = TcpGenerator
	EndGlobalSection
	GlobalSection(SolutionConfigurationPlatforms) = preSolution
		Debug|Any CPU = Debug|Any CPU
		Release|Any CPU = Release|Any CPU
	EndGlobalSection
	GlobalSection(ProjectConfigurationPlatforms) = postSolution
		{182F832F-73C2-4D03-83BB-31C96B387667}.Debug|Any CPU.ActiveCfg = Debug|Any CPU
		{182F832F-73C2-4D03-83BB-31C96B387667}.Debug|Any CPU.Build.0 = Debug|Any CPU
		{182F832F-73C2-4D03-83BB-31C96B387667}.Release|Any CPU.ActiveCfg = Release|Any CPU
		{182F832F-73C2-4D03-83BB-31C96B387667}.Release|Any CPU.Build.0 = Release|Any CPU
	EndGlobalSection
	GlobalSection(SolutionProperties) = preSolution
		HideSolutionNode = FALSE
	EndGlobalSection
EndGlobal
