
Microsoft Visual Studio Solution File, Format Version 12.00
# Visual Studio 2012
Project("{FAE04EC0-301F-11D3-BF4B-00C04F79EFBC}") = "LicenseCreator", "LicenseCreator\LicenseCreator.csproj", "{15F94B96-09EB-401F-8B45-13B9E4FE8C6A}"
EndProject
Global
	GlobalSection(TeamFoundationVersionControl) = preSolution
		SccNumberOfProjects = 2
		SccEnterpriseProvider = {4CA58AB2-18FA-4F8D-95D4-32DDF27D184C}
		SccTeamFoundationServer = http://tfs:8080/tfs/code
		SccLocalPath0 = .
		SccProjectUniqueName1 = LicenseCreator\\LicenseCreator.csproj
		SccProjectName1 = LicenseCreator
		SccLocalPath1 = LicenseCreator
	EndGlobalSection
	GlobalSection(SolutionConfigurationPlatforms) = preSolution
		Debug|Any CPU = Debug|Any CPU
		Release|Any CPU = Release|Any CPU
	EndGlobalSection
	GlobalSection(ProjectConfigurationPlatforms) = postSolution
		{15F94B96-09EB-401F-8B45-13B9E4FE8C6A}.Debug|Any CPU.ActiveCfg = Debug|Any CPU
		{15F94B96-09EB-401F-8B45-13B9E4FE8C6A}.Debug|Any CPU.Build.0 = Debug|Any CPU
		{15F94B96-09EB-401F-8B45-13B9E4FE8C6A}.Release|Any CPU.ActiveCfg = Release|Any CPU
		{15F94B96-09EB-401F-8B45-13B9E4FE8C6A}.Release|Any CPU.Build.0 = Release|Any CPU
	EndGlobalSection
	GlobalSection(SolutionProperties) = preSolution
		HideSolutionNode = FALSE
	EndGlobalSection
EndGlobal
